
Microsoft Visual Studio Solution File, Format Version 11.00
# Visual Studio 2010
Project("{FAE04EC0-301F-11D3-BF4B-00C04F79EFBC}") = "ld 38 a small world take 2", "Assembly-CSharp.csproj", "{DB8BF031-A65F-95BE-1B61-33E7DE1731F9}"
EndProject
Global
	GlobalSection(SolutionConfigurationPlatforms) = preSolution
		Debug|Any CPU = Debug|Any CPU
		Release|Any CPU = Release|Any CPU
	EndGlobalSection
	GlobalSection(ProjectConfigurationPlatforms) = postSolution
		{DB8BF031-A65F-95BE-1B61-33E7DE1731F9}.Debug|Any CPU.ActiveCfg = Debug|Any CPU
		{DB8BF031-A65F-95BE-1B61-33E7DE1731F9}.Debug|Any CPU.Build.0 = Debug|Any CPU
		{DB8BF031-A65F-95BE-1B61-33E7DE1731F9}.Release|Any CPU.ActiveCfg = Release|Any CPU
		{DB8BF031-A65F-95BE-1B61-33E7DE1731F9}.Release|Any CPU.Build.0 = Release|Any CPU
	EndGlobalSection
	GlobalSection(SolutionProperties) = preSolution
		HideSolutionNode = FALSE
	EndGlobalSection
	GlobalSection(MonoDevelopProperties) = preSolution
		StartupItem = Assembly-CSharp.csproj
	EndGlobalSection
EndGlobal
